{
  "name": "cellfence-workspace",
  "version": "0.1.7",
  "lockfileVersion": 3,
  "requires": true,
  "packages": {
    "": {
      "name": "cellfence-workspace",
      "version": "0.1.7",
      "license": "Apache-2.0",
      "workspaces": [
        "packages/*"
      ],
      "devDependencies": {
        "@types/node": "^20.14.15",
        "typescript": "^5.5.4"
      }
    },
    "node_modules/@cellfence/engine": {
      "resolved": "packages/engine",
      "link": true
    },
    "node_modules/@cellfence/github-action": {
      "resolved": "packages/github-action",
      "link": true
    },
    "node_modules/@cellfence/plugin-api": {
      "resolved": "packages/plugin-api",
      "link": true
    },
    "node_modules/@cellfence/schema": {
      "resolved": "packages/schema",
      "link": true
    },
    "node_modules/@cellfence/trace": {
      "resolved": "packages/trace",
      "link": true
    },
    "node_modules/@types/node": {
      "version": "20.19.43",
      "dev": true,
      "license": "MIT",
      "dependencies": {
        "undici-types": "~6.21.0"
      }
    },
    "node_modules/cellfence": {
      "resolved": "packages/cli",
      "link": true
    },
    "node_modules/typescript": {
      "version": "5.9.3",
      "license": "Apache-2.0",
      "bin": {
        "tsc": "bin/tsc",
        "tsserver": "bin/tsserver"
      },
      "engines": {
        "node": ">=14.17"
      }
    },
    "node_modules/undici-types": {
      "version": "6.21.0",
      "dev": true,
      "license": "MIT"
    },
    "packages/cli": {
      "name": "cellfence",
      "version": "0.1.7",
      "license": "Apache-2.0",
      "dependencies": {
        "@cellfence/engine": "0.1.7"
      },
      "bin": {
        "cellfence": "dist/index.js"
      },
      "engines": {
        "node": ">=20"
      }
    },
    "packages/engine": {
      "name": "@cellfence/engine",
      "version": "0.1.7",
      "license": "Apache-2.0",
      "dependencies": {
        "@cellfence/plugin-api": "0.1.7",
        "@cellfence/schema": "0.1.7",
        "typescript": "^5.5.4"
      },
      "engines": {
        "node": ">=20"
      }
    },
    "packages/github-action": {
      "name": "@cellfence/github-action",
      "version": "0.1.7",
      "license": "Apache-2.0",
      "dependencies": {
        "@cellfence/engine": "0.1.7"
      },
      "engines": {
        "node": ">=20"
      }
    },
    "packages/plugin-api": {
      "name": "@cellfence/plugin-api",
      "version": "0.1.7",
      "license": "Apache-2.0",
      "dependencies": {
        "@cellfence/schema": "0.1.7",
        "typescript": "^5.5.4"
      },
      "engines": {
        "node": ">=20"
      }
    },
    "packages/schema": {
      "name": "@cellfence/schema",
      "version": "0.1.7",
      "license": "Apache-2.0",
      "engines": {
        "node": ">=20"
      }
    },
    "packages/trace": {
      "name": "@cellfence/trace",
      "version": "0.1.7",
      "license": "Apache-2.0",
      "dependencies": {
        "@cellfence/schema": "0.1.7"
      },
      "engines": {
        "node": ">=20"
      }
    }
  }
}
