{
  "name": "cellfence-workspace",
  "version": "0.1.8",
  "lockfileVersion": 3,
  "requires": true,
  "packages": {
    "": {
      "name": "cellfence-workspace",
      "version": "0.1.8",
      "license": "Apache-2.0",
      "workspaces": [
        "packages/*"
      ],
      "devDependencies": {
        "@types/node": "^20.14.15",
        "typescript": "^5.5.4"
      }
    },
    "node_modules/@cellfence/adapter-call-pattern": {
      "resolved": "packages/adapter-call-pattern",
      "link": true
    },
    "node_modules/@cellfence/adapter-opentelemetry": {
      "resolved": "packages/adapter-opentelemetry",
      "link": true
    },
    "node_modules/@cellfence/engine": {
      "resolved": "packages/engine",
      "link": true
    },
    "node_modules/@cellfence/github-action": {
      "resolved": "packages/github-action",
      "link": true
    },
    "node_modules/@cellfence/plugin-agent-budget": {
      "resolved": "packages/plugin-agent-budget",
      "link": true
    },
    "node_modules/@cellfence/plugin-api": {
      "resolved": "packages/plugin-api",
      "link": true
    },
    "node_modules/@cellfence/plugin-blast-radius": {
      "resolved": "packages/plugin-blast-radius",
      "link": true
    },
    "node_modules/@cellfence/plugin-dependency-sovereignty": {
      "resolved": "packages/plugin-dependency-sovereignty",
      "link": true
    },
    "node_modules/@cellfence/plugin-geo-purity": {
      "resolved": "packages/plugin-geo-purity",
      "link": true
    },
    "node_modules/@cellfence/plugin-legacy-strangler": {
      "resolved": "packages/plugin-legacy-strangler",
      "link": true
    },
    "node_modules/@cellfence/plugin-quants-trend": {
      "resolved": "packages/plugin-quants-trend",
      "link": true
    },
    "node_modules/@cellfence/reporter-economy-matrix": {
      "resolved": "packages/reporter-economy-matrix",
      "link": true
    },
    "node_modules/@cellfence/schema": {
      "resolved": "packages/schema",
      "link": true
    },
    "node_modules/@cellfence/trace": {
      "resolved": "packages/trace",
      "link": true
    },
    "node_modules/@types/node": {
      "version": "20.19.43",
      "dev": true,
      "license": "MIT",
      "dependencies": {
        "undici-types": "~6.21.0"
      }
    },
    "node_modules/cellfence": {
      "resolved": "packages/cli",
      "link": true
    },
    "node_modules/typescript": {
      "version": "5.9.3",
      "license": "Apache-2.0",
      "bin": {
        "tsc": "bin/tsc",
        "tsserver": "bin/tsserver"
      },
      "engines": {
        "node": ">=14.17"
      }
    },
    "node_modules/undici-types": {
      "version": "6.21.0",
      "dev": true,
      "license": "MIT"
    },
    "packages/adapter-call-pattern": {
      "name": "@cellfence/adapter-call-pattern",
      "version": "0.1.8",
      "license": "Apache-2.0",
      "dependencies": {
        "@cellfence/plugin-api": "0.1.8",
        "@cellfence/schema": "0.1.8",
        "typescript": "^5.5.4"
      },
      "engines": {
        "node": ">=20"
      }
    },
    "packages/adapter-opentelemetry": {
      "name": "@cellfence/adapter-opentelemetry",
      "version": "0.1.8",
      "license": "Apache-2.0",
      "dependencies": {
        "@cellfence/schema": "0.1.8"
      },
      "engines": {
        "node": ">=20"
      }
    },
    "packages/cli": {
      "name": "cellfence",
      "version": "0.1.8",
      "license": "Apache-2.0",
      "dependencies": {
        "@cellfence/engine": "0.1.8"
      },
      "bin": {
        "cellfence": "dist/index.js"
      },
      "engines": {
        "node": ">=20"
      }
    },
    "packages/engine": {
      "name": "@cellfence/engine",
      "version": "0.1.8",
      "license": "Apache-2.0",
      "dependencies": {
        "@cellfence/schema": "0.1.8",
        "typescript": "^5.5.4"
      },
      "engines": {
        "node": ">=20"
      }
    },
    "packages/github-action": {
      "name": "@cellfence/github-action",
      "version": "0.1.8",
      "license": "Apache-2.0",
      "dependencies": {
        "@cellfence/engine": "0.1.8"
      },
      "engines": {
        "node": ">=20"
      }
    },
    "packages/plugin-agent-budget": {
      "name": "@cellfence/plugin-agent-budget",
      "version": "0.1.8",
      "license": "Apache-2.0",
      "dependencies": {
        "@cellfence/plugin-api": "0.1.8"
      },
      "engines": {
        "node": ">=20"
      }
    },
    "packages/plugin-api": {
      "name": "@cellfence/plugin-api",
      "version": "0.1.8",
      "license": "Apache-2.0",
      "dependencies": {
        "@cellfence/schema": "0.1.8",
        "typescript": "^5.5.4"
      },
      "engines": {
        "node": ">=20"
      }
    },
    "packages/plugin-blast-radius": {
      "name": "@cellfence/plugin-blast-radius",
      "version": "0.1.8",
      "license": "Apache-2.0",
      "dependencies": {
        "@cellfence/plugin-api": "0.1.8"
      },
      "engines": {
        "node": ">=20"
      }
    },
    "packages/plugin-dependency-sovereignty": {
      "name": "@cellfence/plugin-dependency-sovereignty",
      "version": "0.1.8",
      "license": "Apache-2.0",
      "dependencies": {
        "@cellfence/plugin-api": "0.1.8"
      },
      "engines": {
        "node": ">=20"
      }
    },
    "packages/plugin-geo-purity": {
      "name": "@cellfence/plugin-geo-purity",
      "version": "0.1.8",
      "license": "Apache-2.0",
      "dependencies": {
        "@cellfence/plugin-api": "0.1.8"
      },
      "engines": {
        "node": ">=20"
      }
    },
    "packages/plugin-legacy-strangler": {
      "name": "@cellfence/plugin-legacy-strangler",
      "version": "0.1.8",
      "license": "Apache-2.0",
      "dependencies": {
        "@cellfence/plugin-api": "0.1.8"
      },
      "engines": {
        "node": ">=20"
      }
    },
    "packages/plugin-quants-trend": {
      "name": "@cellfence/plugin-quants-trend",
      "version": "0.1.8",
      "license": "Apache-2.0",
      "dependencies": {
        "@cellfence/plugin-api": "0.1.8",
        "@cellfence/schema": "0.1.8"
      },
      "engines": {
        "node": ">=20"
      }
    },
    "packages/reporter-economy-matrix": {
      "name": "@cellfence/reporter-economy-matrix",
      "version": "0.1.8",
      "license": "Apache-2.0",
      "dependencies": {
        "@cellfence/plugin-api": "0.1.8"
      },
      "engines": {
        "node": ">=20"
      }
    },
    "packages/schema": {
      "name": "@cellfence/schema",
      "version": "0.1.8",
      "license": "Apache-2.0",
      "engines": {
        "node": ">=20"
      }
    },
    "packages/trace": {
      "name": "@cellfence/trace",
      "version": "0.1.8",
      "license": "Apache-2.0",
      "dependencies": {
        "@cellfence/schema": "0.1.8"
      },
      "engines": {
        "node": ">=20"
      }
    }
  }
}
